
Microsoft Visual Studio Solution File, Format Version 12.00
# Visual Studio Version 16
VisualStudioVersion = 16.0.32602.291
MinimumVisualStudioVersion = 10.0.40219.1
Project("{2150E333-8FDC-42A3-9474-1A3956D46DE8}") = "Assimp", "Assimp", "{018848DE-040C-31F4-9509-6F0C5A30A0CF}"
EndProject
Project("{2150E333-8FDC-42A3-9474-1A3956D46DE8}") = "CMakePredefinedTargets", "CMakePredefinedTargets", "{18AC2A87-5FE8-314C-A4EB-66AC8FA62F17}"
EndProject
Project("{2150E333-8FDC-42A3-9474-1A3956D46DE8}") = "ImGui", "ImGui", "{A46DF2D9-DF05-33D1-97F9-0A58B95927B1}"
EndProject
Project("{2150E333-8FDC-42A3-9474-1A3956D46DE8}") = "Project 19-", "Project 19-", "{3A5CA673-1B38-376E-B0C4-6C2E4A1CE6F5}"
EndProject
Project("{2150E333-8FDC-42A3-9474-1A3956D46DE8}") = "Project Archive", "Project Archive", "{7084B100-5B28-3B80-85B4-370FDEB3B274}"
EndProject
Project("{8BC9CEB8-8B4A-11D0-8D11-00A0C91BC942}") = "ALL_BUILD", "ALL_BUILD.vcxproj", "{3EA5CFB3-9D17-3199-B825-1C1B289C3D14}"
	ProjectSection(ProjectDependencies) = postProject
		{F66A35D3-C48D-350B-AA62-2FD117BEF57C} = {F66A35D3-C48D-350B-AA62-2FD117BEF57C}
		{989B95D0-71E8-392D-91FE-BF55F413044C} = {989B95D0-71E8-392D-91FE-BF55F413044C}
		{48082313-636E-3982-BF76-34106FBC7C5C} = {48082313-636E-3982-BF76-34106FBC7C5C}
		{10BEC1D3-F086-3A48-B04F-4BC4063A4CF1} = {10BEC1D3-F086-3A48-B04F-4BC4063A4CF1}
		{6505D0D7-F180-314C-8D77-44380A7F255F} = {6505D0D7-F180-314C-8D77-44380A7F255F}
		{BC5DEB4C-DFCC-38CC-8014-267455F899B1} = {BC5DEB4C-DFCC-38CC-8014-267455F899B1}
		{B50356F0-D343-38EE-8D6D-93370CC3BFCD} = {B50356F0-D343-38EE-8D6D-93370CC3BFCD}
	EndProjectSection
EndProject
Project("{8BC9CEB8-8B4A-11D0-8D11-00A0C91BC942}") = "Common", "Demos\Common\Common.vcxproj", "{F66A35D3-C48D-350B-AA62-2FD117BEF57C}"
	ProjectSection(ProjectDependencies) = postProject
		{989B95D0-71E8-392D-91FE-BF55F413044C} = {989B95D0-71E8-392D-91FE-BF55F413044C}
		{6505D0D7-F180-314C-8D77-44380A7F255F} = {6505D0D7-F180-314C-8D77-44380A7F255F}
		{BC5DEB4C-DFCC-38CC-8014-267455F899B1} = {BC5DEB4C-DFCC-38CC-8014-267455F899B1}
		{B50356F0-D343-38EE-8D6D-93370CC3BFCD} = {B50356F0-D343-38EE-8D6D-93370CC3BFCD}
	EndProjectSection
EndProject
Project("{8BC9CEB8-8B4A-11D0-8D11-00A0C91BC942}") = "INSTALL", "INSTALL.vcxproj", "{D7A5526C-ECAF-348C-8AF8-FCC49B5DC590}"
	ProjectSection(ProjectDependencies) = postProject
		{3EA5CFB3-9D17-3199-B825-1C1B289C3D14} = {3EA5CFB3-9D17-3199-B825-1C1B289C3D14}
		{6505D0D7-F180-314C-8D77-44380A7F255F} = {6505D0D7-F180-314C-8D77-44380A7F255F}
	EndProjectSection
EndProject
Project("{8BC9CEB8-8B4A-11D0-8D11-00A0C91BC942}") = "ImGui", "ImGui\ImGui.vcxproj", "{989B95D0-71E8-392D-91FE-BF55F413044C}"
	ProjectSection(ProjectDependencies) = postProject
		{6505D0D7-F180-314C-8D77-44380A7F255F} = {6505D0D7-F180-314C-8D77-44380A7F255F}
	EndProjectSection
EndProject
Project("{8BC9CEB8-8B4A-11D0-8D11-00A0C91BC942}") = "Mouse_and_Keyboard", "Project Archive\Mouse and Keyboard\Mouse_and_Keyboard.vcxproj", "{48082313-636E-3982-BF76-34106FBC7C5C}"
	ProjectSection(ProjectDependencies) = postProject
		{6505D0D7-F180-314C-8D77-44380A7F255F} = {6505D0D7-F180-314C-8D77-44380A7F255F}
	EndProjectSection
EndProject
Project("{8BC9CEB8-8B4A-11D0-8D11-00A0C91BC942}") = "Ocean_Simulation", "Demos\Ocean Simulation\Ocean_Simulation.vcxproj", "{10BEC1D3-F086-3A48-B04F-4BC4063A4CF1}"
	ProjectSection(ProjectDependencies) = postProject
		{F66A35D3-C48D-350B-AA62-2FD117BEF57C} = {F66A35D3-C48D-350B-AA62-2FD117BEF57C}
		{989B95D0-71E8-392D-91FE-BF55F413044C} = {989B95D0-71E8-392D-91FE-BF55F413044C}
		{6505D0D7-F180-314C-8D77-44380A7F255F} = {6505D0D7-F180-314C-8D77-44380A7F255F}
		{BC5DEB4C-DFCC-38CC-8014-267455F899B1} = {BC5DEB4C-DFCC-38CC-8014-267455F899B1}
		{B50356F0-D343-38EE-8D6D-93370CC3BFCD} = {B50356F0-D343-38EE-8D6D-93370CC3BFCD}
	EndProjectSection
EndProject
Project("{8BC9CEB8-8B4A-11D0-8D11-00A0C91BC942}") = "UpdateAssimpLibsDebugSymbolsAndDLLs", "assimp\UpdateAssimpLibsDebugSymbolsAndDLLs.vcxproj", "{3BB3DF40-A8DB-38CC-8F1C-C6A1D03CC2F8}"
	ProjectSection(ProjectDependencies) = postProject
		{6505D0D7-F180-314C-8D77-44380A7F255F} = {6505D0D7-F180-314C-8D77-44380A7F255F}
	EndProjectSection
EndProject
Project("{8BC9CEB8-8B4A-11D0-8D11-00A0C91BC942}") = "ZERO_CHECK", "ZERO_CHECK.vcxproj", "{6505D0D7-F180-314C-8D77-44380A7F255F}"
EndProject
Project("{8BC9CEB8-8B4A-11D0-8D11-00A0C91BC942}") = "assimp", "assimp\code\assimp.vcxproj", "{BC5DEB4C-DFCC-38CC-8014-267455F899B1}"
	ProjectSection(ProjectDependencies) = postProject
		{6505D0D7-F180-314C-8D77-44380A7F255F} = {6505D0D7-F180-314C-8D77-44380A7F255F}
		{B50356F0-D343-38EE-8D6D-93370CC3BFCD} = {B50356F0-D343-38EE-8D6D-93370CC3BFCD}
	EndProjectSection
EndProject
Project("{8BC9CEB8-8B4A-11D0-8D11-00A0C91BC942}") = "zlibstatic", "assimp\contrib\zlib\zlibstatic.vcxproj", "{B50356F0-D343-38EE-8D6D-93370CC3BFCD}"
	ProjectSection(ProjectDependencies) = postProject
		{6505D0D7-F180-314C-8D77-44380A7F255F} = {6505D0D7-F180-314C-8D77-44380A7F255F}
	EndProjectSection
EndProject
Global
	GlobalSection(SolutionConfigurationPlatforms) = preSolution
		Debug|x64 = Debug|x64
		Release|x64 = Release|x64
	EndGlobalSection
	GlobalSection(ProjectConfigurationPlatforms) = postSolution
		{3EA5CFB3-9D17-3199-B825-1C1B289C3D14}.Debug|x64.ActiveCfg = Debug|x64
		{3EA5CFB3-9D17-3199-B825-1C1B289C3D14}.Debug|x64.Build.0 = Debug|x64
		{3EA5CFB3-9D17-3199-B825-1C1B289C3D14}.Release|x64.ActiveCfg = Release|x64
		{3EA5CFB3-9D17-3199-B825-1C1B289C3D14}.Release|x64.Build.0 = Release|x64
		{F66A35D3-C48D-350B-AA62-2FD117BEF57C}.Debug|x64.ActiveCfg = Debug|x64
		{F66A35D3-C48D-350B-AA62-2FD117BEF57C}.Debug|x64.Build.0 = Debug|x64
		{F66A35D3-C48D-350B-AA62-2FD117BEF57C}.Release|x64.ActiveCfg = Release|x64
		{F66A35D3-C48D-350B-AA62-2FD117BEF57C}.Release|x64.Build.0 = Release|x64
		{D7A5526C-ECAF-348C-8AF8-FCC49B5DC590}.Debug|x64.ActiveCfg = Debug|x64
		{D7A5526C-ECAF-348C-8AF8-FCC49B5DC590}.Release|x64.ActiveCfg = Release|x64
		{989B95D0-71E8-392D-91FE-BF55F413044C}.Debug|x64.ActiveCfg = Debug|x64
		{989B95D0-71E8-392D-91FE-BF55F413044C}.Debug|x64.Build.0 = Debug|x64
		{989B95D0-71E8-392D-91FE-BF55F413044C}.Release|x64.ActiveCfg = Release|x64
		{989B95D0-71E8-392D-91FE-BF55F413044C}.Release|x64.Build.0 = Release|x64
		{48082313-636E-3982-BF76-34106FBC7C5C}.Debug|x64.ActiveCfg = Debug|x64
		{48082313-636E-3982-BF76-34106FBC7C5C}.Debug|x64.Build.0 = Debug|x64
		{48082313-636E-3982-BF76-34106FBC7C5C}.Release|x64.ActiveCfg = Release|x64
		{48082313-636E-3982-BF76-34106FBC7C5C}.Release|x64.Build.0 = Release|x64
		{10BEC1D3-F086-3A48-B04F-4BC4063A4CF1}.Debug|x64.ActiveCfg = Debug|x64
		{10BEC1D3-F086-3A48-B04F-4BC4063A4CF1}.Debug|x64.Build.0 = Debug|x64
		{10BEC1D3-F086-3A48-B04F-4BC4063A4CF1}.Release|x64.ActiveCfg = Release|x64
		{10BEC1D3-F086-3A48-B04F-4BC4063A4CF1}.Release|x64.Build.0 = Release|x64
		{3BB3DF40-A8DB-38CC-8F1C-C6A1D03CC2F8}.Debug|x64.ActiveCfg = Debug|x64
		{3BB3DF40-A8DB-38CC-8F1C-C6A1D03CC2F8}.Release|x64.ActiveCfg = Release|x64
		{6505D0D7-F180-314C-8D77-44380A7F255F}.Debug|x64.ActiveCfg = Debug|x64
		{6505D0D7-F180-314C-8D77-44380A7F255F}.Debug|x64.Build.0 = Debug|x64
		{6505D0D7-F180-314C-8D77-44380A7F255F}.Release|x64.ActiveCfg = Release|x64
		{6505D0D7-F180-314C-8D77-44380A7F255F}.Release|x64.Build.0 = Release|x64
		{BC5DEB4C-DFCC-38CC-8014-267455F899B1}.Debug|x64.ActiveCfg = Debug|x64
		{BC5DEB4C-DFCC-38CC-8014-267455F899B1}.Debug|x64.Build.0 = Debug|x64
		{BC5DEB4C-DFCC-38CC-8014-267455F899B1}.Release|x64.ActiveCfg = Release|x64
		{BC5DEB4C-DFCC-38CC-8014-267455F899B1}.Release|x64.Build.0 = Release|x64
		{B50356F0-D343-38EE-8D6D-93370CC3BFCD}.Debug|x64.ActiveCfg = Debug|x64
		{B50356F0-D343-38EE-8D6D-93370CC3BFCD}.Debug|x64.Build.0 = Debug|x64
		{B50356F0-D343-38EE-8D6D-93370CC3BFCD}.Release|x64.ActiveCfg = Release|x64
		{B50356F0-D343-38EE-8D6D-93370CC3BFCD}.Release|x64.Build.0 = Release|x64
	EndGlobalSection
	GlobalSection(SolutionProperties) = preSolution
		HideSolutionNode = FALSE
	EndGlobalSection
	GlobalSection(NestedProjects) = preSolution
		{3EA5CFB3-9D17-3199-B825-1C1B289C3D14} = {18AC2A87-5FE8-314C-A4EB-66AC8FA62F17}
		{F66A35D3-C48D-350B-AA62-2FD117BEF57C} = {3A5CA673-1B38-376E-B0C4-6C2E4A1CE6F5}
		{D7A5526C-ECAF-348C-8AF8-FCC49B5DC590} = {18AC2A87-5FE8-314C-A4EB-66AC8FA62F17}
		{989B95D0-71E8-392D-91FE-BF55F413044C} = {A46DF2D9-DF05-33D1-97F9-0A58B95927B1}
		{48082313-636E-3982-BF76-34106FBC7C5C} = {7084B100-5B28-3B80-85B4-370FDEB3B274}
		{10BEC1D3-F086-3A48-B04F-4BC4063A4CF1} = {3A5CA673-1B38-376E-B0C4-6C2E4A1CE6F5}
		{3BB3DF40-A8DB-38CC-8F1C-C6A1D03CC2F8} = {018848DE-040C-31F4-9509-6F0C5A30A0CF}
		{6505D0D7-F180-314C-8D77-44380A7F255F} = {18AC2A87-5FE8-314C-A4EB-66AC8FA62F17}
		{BC5DEB4C-DFCC-38CC-8014-267455F899B1} = {018848DE-040C-31F4-9509-6F0C5A30A0CF}
		{B50356F0-D343-38EE-8D6D-93370CC3BFCD} = {018848DE-040C-31F4-9509-6F0C5A30A0CF}
	EndGlobalSection
	GlobalSection(ExtensibilityGlobals) = postSolution
		SolutionGuid = {37256826-A73A-39DE-8D8D-D65F9263E862}
	EndGlobalSection
EndGlobal
