<?xml version="1.0" encoding="utf-8"?>
<Project ToolsVersion="16.0" xmlns="http://schemas.microsoft.com/developer/msbuild/2003">
  <ItemGroup>
    <ClCompile Include="D:\Source\Project Archive\Mouse and Keyboard\CpuTimer.cpp">
      <Filter>Source Files</Filter>
    </ClCompile>
    <ClCompile Include="D:\Source\Project Archive\Mouse and Keyboard\DXTrace.cpp">
      <Filter>Source Files</Filter>
    </ClCompile>
    <ClCompile Include="D:\Source\Project Archive\Mouse and Keyboard\GameApp.cpp">
      <Filter>Source Files</Filter>
    </ClCompile>
    <ClCompile Include="D:\Source\Project Archive\Mouse and Keyboard\Keyboard.cpp">
      <Filter>Source Files</Filter>
    </ClCompile>
    <ClCompile Include="D:\Source\Project Archive\Mouse and Keyboard\Main.cpp">
      <Filter>Source Files</Filter>
    </ClCompile>
    <ClCompile Include="D:\Source\Project Archive\Mouse and Keyboard\Mouse.cpp">
      <Filter>Source Files</Filter>
    </ClCompile>
    <ClCompile Include="D:\Source\Project Archive\Mouse and Keyboard\d3dApp.cpp">
      <Filter>Source Files</Filter>
    </ClCompile>
    <ClCompile Include="D:\Source\Project Archive\Mouse and Keyboard\d3dUtil.cpp">
      <Filter>Source Files</Filter>
    </ClCompile>
  </ItemGroup>
  <ItemGroup>
    <ClInclude Include="D:\Source\Project Archive\Mouse and Keyboard\CpuTimer.h">
      <Filter>Header Files</Filter>
    </ClInclude>
    <ClInclude Include="D:\Source\Project Archive\Mouse and Keyboard\DXTrace.h">
      <Filter>Header Files</Filter>
    </ClInclude>
    <ClInclude Include="D:\Source\Project Archive\Mouse and Keyboard\GameApp.h">
      <Filter>Header Files</Filter>
    </ClInclude>
    <ClInclude Include="D:\Source\Project Archive\Mouse and Keyboard\Keyboard.h">
      <Filter>Header Files</Filter>
    </ClInclude>
    <ClInclude Include="D:\Source\Project Archive\Mouse and Keyboard\Mouse.h">
      <Filter>Header Files</Filter>
    </ClInclude>
    <ClInclude Include="D:\Source\Project Archive\Mouse and Keyboard\WinMin.h">
      <Filter>Header Files</Filter>
    </ClInclude>
    <ClInclude Include="D:\Source\Project Archive\Mouse and Keyboard\d3dApp.h">
      <Filter>Header Files</Filter>
    </ClInclude>
    <ClInclude Include="D:\Source\Project Archive\Mouse and Keyboard\d3dUtil.h">
      <Filter>Header Files</Filter>
    </ClInclude>
  </ItemGroup>
  <ItemGroup>
    <CustomBuild Include="D:\Source\Project Archive\Mouse and Keyboard\CMakeLists.txt" />
  </ItemGroup>
  <ItemGroup>
    <FXCompile Include="D:\Source\Project Archive\Mouse and Keyboard\HLSL\Cube_PS.hlsl">
      <Filter>HLSL Files</Filter>
    </FXCompile>
    <FXCompile Include="D:\Source\Project Archive\Mouse and Keyboard\HLSL\Cube_VS.hlsl">
      <Filter>HLSL Files</Filter>
    </FXCompile>
  </ItemGroup>
  <ItemGroup>
    <None Include="D:\Source\Project Archive\Mouse and Keyboard\HLSL\Cube.hlsli">
      <Filter>HLSL Files</Filter>
    </None>
  </ItemGroup>
  <ItemGroup>
    <Filter Include="HLSL Files">
      <UniqueIdentifier>{1CDCAD97-CADD-354F-88B8-91AF46CED177}</UniqueIdentifier>
    </Filter>
    <Filter Include="Header Files">
      <UniqueIdentifier>{628836B4-ABF9-39B4-882D-7D5CAE9A77B3}</UniqueIdentifier>
    </Filter>
    <Filter Include="Source Files">
      <UniqueIdentifier>{D054F696-6E96-3F37-834D-17016FD23D90}</UniqueIdentifier>
    </Filter>
  </ItemGroup>
</Project>
