<?xml version="1.0" encoding="utf-8"?>
<Project ToolsVersion="16.0" xmlns="http://schemas.microsoft.com/developer/msbuild/2003">
  <ItemGroup>
    <ClCompile Include="D:\Source\Demos\Common\Buffer.cpp">
      <Filter>Source Files</Filter>
    </ClCompile>
    <ClCompile Include="D:\Source\Demos\Common\Camera.cpp">
      <Filter>Source Files</Filter>
    </ClCompile>
    <ClCompile Include="D:\Source\Demos\Common\CameraController.cpp">
      <Filter>Source Files</Filter>
    </ClCompile>
    <ClCompile Include="D:\Source\Demos\Common\Collision.cpp">
      <Filter>Source Files</Filter>
    </ClCompile>
    <ClCompile Include="D:\Source\Demos\Common\CpuTimer.cpp">
      <Filter>Source Files</Filter>
    </ClCompile>
    <ClCompile Include="D:\Source\Demos\Common\DDSTextureLoader11.cpp">
      <Filter>Source Files</Filter>
    </ClCompile>
    <ClCompile Include="D:\Source\Demos\Common\DXTrace.cpp">
      <Filter>Source Files</Filter>
    </ClCompile>
    <ClCompile Include="D:\Source\Demos\Common\DebugLayer.cpp">
      <Filter>Source Files</Filter>
    </ClCompile>
    <ClCompile Include="D:\Source\Demos\Common\EffectHelper.cpp">
      <Filter>Source Files</Filter>
    </ClCompile>
    <ClCompile Include="D:\Source\Demos\Common\GameObject.cpp">
      <Filter>Source Files</Filter>
    </ClCompile>
    <ClCompile Include="D:\Source\Demos\Common\Geometry.cpp">
      <Filter>Source Files</Filter>
    </ClCompile>
    <ClCompile Include="D:\Source\Demos\Common\GpuTimer.cpp">
      <Filter>Source Files</Filter>
    </ClCompile>
    <ClCompile Include="D:\Source\Demos\Common\ImGuiLog.cpp">
      <Filter>Source Files</Filter>
    </ClCompile>
    <ClCompile Include="D:\Source\Demos\Common\ModelManager.cpp">
      <Filter>Source Files</Filter>
    </ClCompile>
    <ClCompile Include="D:\Source\Demos\Common\RenderStates.cpp">
      <Filter>Source Files</Filter>
    </ClCompile>
    <ClCompile Include="D:\Source\Demos\Common\ScreenGrab11.cpp">
      <Filter>Source Files</Filter>
    </ClCompile>
    <ClCompile Include="D:\Source\Demos\Common\Texture2D.cpp">
      <Filter>Source Files</Filter>
    </ClCompile>
    <ClCompile Include="D:\Source\Demos\Common\TextureManager.cpp">
      <Filter>Source Files</Filter>
    </ClCompile>
    <ClCompile Include="D:\Source\Demos\Common\WICTextureLoader11.cpp">
      <Filter>Source Files</Filter>
    </ClCompile>
    <ClCompile Include="D:\Source\Demos\Common\d3dApp.cpp">
      <Filter>Source Files</Filter>
    </ClCompile>
  </ItemGroup>
  <ItemGroup>
    <ClInclude Include="D:\Source\Demos\Common\Buffer.h">
      <Filter>Header Files</Filter>
    </ClInclude>
    <ClInclude Include="D:\Source\Demos\Common\Camera.h">
      <Filter>Header Files</Filter>
    </ClInclude>
    <ClInclude Include="D:\Source\Demos\Common\CameraController.h">
      <Filter>Header Files</Filter>
    </ClInclude>
    <ClInclude Include="D:\Source\Demos\Common\Collision.h">
      <Filter>Header Files</Filter>
    </ClInclude>
    <ClInclude Include="D:\Source\Demos\Common\CpuTimer.h">
      <Filter>Header Files</Filter>
    </ClInclude>
    <ClInclude Include="D:\Source\Demos\Common\D3DFormat.h">
      <Filter>Header Files</Filter>
    </ClInclude>
    <ClInclude Include="D:\Source\Demos\Common\DDSTextureLoader11.h">
      <Filter>Header Files</Filter>
    </ClInclude>
    <ClInclude Include="D:\Source\Demos\Common\DXTrace.h">
      <Filter>Header Files</Filter>
    </ClInclude>
    <ClInclude Include="D:\Source\Demos\Common\DebugLayer.h">
      <Filter>Header Files</Filter>
    </ClInclude>
    <ClInclude Include="D:\Source\Demos\Common\EffectHelper.h">
      <Filter>Header Files</Filter>
    </ClInclude>
    <ClInclude Include="D:\Source\Demos\Common\GameObject.h">
      <Filter>Header Files</Filter>
    </ClInclude>
    <ClInclude Include="D:\Source\Demos\Common\Geometry.h">
      <Filter>Header Files</Filter>
    </ClInclude>
    <ClInclude Include="D:\Source\Demos\Common\GpuTimer.h">
      <Filter>Header Files</Filter>
    </ClInclude>
    <ClInclude Include="D:\Source\Demos\Common\IEffect.h">
      <Filter>Header Files</Filter>
    </ClInclude>
    <ClInclude Include="D:\Source\Demos\Common\ImGuiLog.h">
      <Filter>Header Files</Filter>
    </ClInclude>
    <ClInclude Include="D:\Source\Demos\Common\LightHelper.h">
      <Filter>Header Files</Filter>
    </ClInclude>
    <ClInclude Include="D:\Source\Demos\Common\Material.h">
      <Filter>Header Files</Filter>
    </ClInclude>
    <ClInclude Include="D:\Source\Demos\Common\MeshData.h">
      <Filter>Header Files</Filter>
    </ClInclude>
    <ClInclude Include="D:\Source\Demos\Common\ModelManager.h">
      <Filter>Header Files</Filter>
    </ClInclude>
    <ClInclude Include="D:\Source\Demos\Common\Property.h">
      <Filter>Header Files</Filter>
    </ClInclude>
    <ClInclude Include="D:\Source\Demos\Common\RenderStates.h">
      <Filter>Header Files</Filter>
    </ClInclude>
    <ClInclude Include="D:\Source\Demos\Common\ScreenGrab11.h">
      <Filter>Header Files</Filter>
    </ClInclude>
    <ClInclude Include="D:\Source\Demos\Common\Texture2D.h">
      <Filter>Header Files</Filter>
    </ClInclude>
    <ClInclude Include="D:\Source\Demos\Common\TextureManager.h">
      <Filter>Header Files</Filter>
    </ClInclude>
    <ClInclude Include="D:\Source\Demos\Common\Transform.h">
      <Filter>Header Files</Filter>
    </ClInclude>
    <ClInclude Include="D:\Source\Demos\Common\Vertex.h">
      <Filter>Header Files</Filter>
    </ClInclude>
    <ClInclude Include="D:\Source\Demos\Common\WICTextureLoader11.h">
      <Filter>Header Files</Filter>
    </ClInclude>
    <ClInclude Include="D:\Source\Demos\Common\WinMin.h">
      <Filter>Header Files</Filter>
    </ClInclude>
    <ClInclude Include="D:\Source\Demos\Common\XUtil.h">
      <Filter>Header Files</Filter>
    </ClInclude>
    <ClInclude Include="D:\Source\Demos\Common\d3dApp.h">
      <Filter>Header Files</Filter>
    </ClInclude>
    <ClInclude Include="D:\Source\Demos\Common\stb_image.h">
      <Filter>Header Files</Filter>
    </ClInclude>
  </ItemGroup>
  <ItemGroup>
    <CustomBuild Include="D:\Source\Demos\Common\CMakeLists.txt" />
  </ItemGroup>
  <ItemGroup>
    <Filter Include="Header Files">
      <UniqueIdentifier>{628836B4-ABF9-39B4-882D-7D5CAE9A77B3}</UniqueIdentifier>
    </Filter>
    <Filter Include="Source Files">
      <UniqueIdentifier>{D054F696-6E96-3F37-834D-17016FD23D90}</UniqueIdentifier>
    </Filter>
  </ItemGroup>
</Project>
